
Microsoft Visual Studio Solution File, Format Version 12.00
# Visual Studio Version 16
VisualStudioVersion = 16.0.33214.272
MinimumVisualStudioVersion = 10.0.40219.1
Project("{FAE04EC0-301F-11D3-BF4B-00C04F79EFBC}") = "BOLT.NPS.Rental.Project", "BOLT.NPS.Rental.Project\BOLT.NPS.Rental.Project.csproj", "{27709BA3-A915-4623-A28D-FC6DD59B1A93}"
EndProject
Project("{FAE04EC0-301F-11D3-BF4B-00C04F79EFBC}") = "BOLT.NPS.Rental.CostSheet", "BOLT.NPS.Rental.CostSheet\BOLT.NPS.Rental.CostSheet.csproj", "{9C781ABF-89B3-48A7-A872-5BDE3333034D}"
EndProject
Project("{FAE04EC0-301F-11D3-BF4B-00C04F79EFBC}") = "BOLT.NPS.Rental.CostSheetChildren", "BOLT.NPS.Rental.CostSheetChildren\BOLT.NPS.Rental.CostSheetChildren.csproj", "{ADB33777-A71B-43E8-9EA2-E86160FEB8E2}"
EndProject
Global
	GlobalSection(SolutionConfigurationPlatforms) = preSolution
		Debug|Any CPU = Debug|Any CPU
		Release|Any CPU = Release|Any CPU
	EndGlobalSection
	GlobalSection(ProjectConfigurationPlatforms) = postSolution
		{27709BA3-A915-4623-A28D-FC6DD59B1A93}.Debug|Any CPU.ActiveCfg = Debug|Any CPU
		{27709BA3-A915-4623-A28D-FC6DD59B1A93}.Debug|Any CPU.Build.0 = Debug|Any CPU
		{27709BA3-A915-4623-A28D-FC6DD59B1A93}.Release|Any CPU.ActiveCfg = Release|Any CPU
		{27709BA3-A915-4623-A28D-FC6DD59B1A93}.Release|Any CPU.Build.0 = Release|Any CPU
		{9C781ABF-89B3-48A7-A872-5BDE3333034D}.Debug|Any CPU.ActiveCfg = Debug|Any CPU
		{9C781ABF-89B3-48A7-A872-5BDE3333034D}.Debug|Any CPU.Build.0 = Debug|Any CPU
		{9C781ABF-89B3-48A7-A872-5BDE3333034D}.Release|Any CPU.ActiveCfg = Release|Any CPU
		{9C781ABF-89B3-48A7-A872-5BDE3333034D}.Release|Any CPU.Build.0 = Release|Any CPU
		{ADB33777-A71B-43E8-9EA2-E86160FEB8E2}.Debug|Any CPU.ActiveCfg = Debug|Any CPU
		{ADB33777-A71B-43E8-9EA2-E86160FEB8E2}.Debug|Any CPU.Build.0 = Debug|Any CPU
		{ADB33777-A71B-43E8-9EA2-E86160FEB8E2}.Release|Any CPU.ActiveCfg = Release|Any CPU
		{ADB33777-A71B-43E8-9EA2-E86160FEB8E2}.Release|Any CPU.Build.0 = Release|Any CPU
	EndGlobalSection
	GlobalSection(SolutionProperties) = preSolution
		HideSolutionNode = FALSE
	EndGlobalSection
	GlobalSection(ExtensibilityGlobals) = postSolution
		SolutionGuid = {376F087C-A38D-42BD-90B0-FCC0FA738B5A}
	EndGlobalSection
EndGlobal
